{
    "_readme": [
        "This file locks the dependencies of your project to a known state",
        "Read more about it at http://getcomposer.org/doc/01-basic-usage.md#composer-lock-the-lock-file",
        "This file is @generated automatically"
    ],
    "hash": "d89a5c8c1825aaf0e779722435b91f7a",
    "packages": [
        {
            "name": "dg/adminer-custom",
            "version": "v1.5.0",
            "source": {
                "type": "git",
                "url": "https://github.com/dg/adminer-custom.git",
                "reference": "9365952e11b2b706be94c5000bf032027557a45b"
            },
            "dist": {
                "type": "zip",
                "url": "https://api.github.com/repos/dg/adminer-custom/zipball/9365952e11b2b706be94c5000bf032027557a45b",
                "reference": "9365952e11b2b706be94c5000bf032027557a45b",
                "shasum": ""
            },
            "type": "project",
            "notification-url": "https://packagist.org/downloads/",
            "description": "Customization for the best database management tool written in PHP, Adminer",
            "time": "2014-08-05 16:59:07"
        },
        {
            "name": "dg/dibi",
            "version": "dev-master",
            "source": {
                "type": "git",
                "url": "https://github.com/dg/dibi.git",
                "reference": "cde5af7cbe02d231fe2d3f904fc2c3d3eeda66f0"
            },
            "dist": {
                "type": "zip",
                "url": "https://api.github.com/repos/dg/dibi/zipball/cde5af7cbe02d231fe2d3f904fc2c3d3eeda66f0",
                "reference": "cde5af7cbe02d231fe2d3f904fc2c3d3eeda66f0",
                "shasum": ""
            },
            "require": {
                "php": ">=5.2.0"
            },
            "replace": {
                "dg/dibi": "self.version"
            },
            "require-dev": {
                "nette/tester": "~1.1",
                "tracy/tracy": "~2.2"
            },
            "type": "library",
            "extra": {
                "branch-alias": {
                    "dev-master": "2.2-dev"
                }
            },
            "autoload": {
                "classmap": [
                    "dibi/"
                ]
            },
            "notification-url": "https://packagist.org/downloads/",
            "license": [
                "BSD-3-Clause",
                "GPL-2.0",
                "GPL-3.0"
            ],
            "authors": [
                {
                    "name": "David Grudl",
                    "homepage": "http://davidgrudl.com"
                }
            ],
            "description": "Dibi is Database Abstraction Library for PHP",
            "homepage": "http://dibiphp.com",
            "keywords": [
                "access",
                "database",
                "dbal",
                "mssql",
                "mysql",
                "odbc",
                "oracle",
                "pdo",
                "postgresql",
                "sqlite"
            ],
            "time": "2014-07-16 15:46:08"
        },
        {
            "name": "nette/nette",
            "version": "v2.1.5",
            "source": {
                "type": "git",
                "url": "https://github.com/nette/nette.git",
                "reference": "ba6ce49492700fb36ea97e4c3ad9a6dcef068362"
            },
            "dist": {
                "type": "zip",
                "url": "https://api.github.com/repos/nette/nette/zipball/ba6ce49492700fb36ea97e4c3ad9a6dcef068362",
                "reference": "ba6ce49492700fb36ea97e4c3ad9a6dcef068362",
                "shasum": ""
            },
            "require": {
                "ext-iconv": "*",
                "ext-tokenizer": "*",
                "php": ">=5.3.1"
            },
            "require-dev": {
                "nette/tester": "~1.1"
            },
            "suggest": {
                "ext-fileinfo": "",
                "ext-gd": "",
                "ext-mbstring": "",
                "ext-pdo": ""
            },
            "type": "library",
            "autoload": {
                "classmap": [
                    "Nette/"
                ],
                "files": [
                    "Nette/common/shortcuts.php"
                ]
            },
            "notification-url": "https://packagist.org/downloads/",
            "license": [
                "BSD-3-Clause",
                "GPL-2.0",
                "GPL-3.0"
            ],
            "authors": [
                {
                    "name": "David Grudl",
                    "homepage": "http://davidgrudl.com"
                },
                {
                    "name": "Nette Community",
                    "homepage": "http://nette.org/contributors"
                }
            ],
            "description": "Nette Framework - innovative framework for fast and easy development of secured web applications in PHP. Write less, have cleaner code and your work will bring you joy.",
            "homepage": "http://nette.org",
            "keywords": [
                "Forms",
                "database",
                "debugging",
                "framework",
                "mailing",
                "mvc",
                "templating"
            ],
            "time": "2014-08-28 11:11:29"
        },
        {
            "name": "o5/grido",
            "version": "dev-master",
            "source": {
                "type": "git",
                "url": "https://github.com/o5/grido.git",
                "reference": "be993b95bed1d3f03d261b7cd6cf4f28aa063cf0"
            },
            "dist": {
                "type": "zip",
                "url": "https://api.github.com/repos/o5/grido/zipball/be993b95bed1d3f03d261b7cd6cf4f28aa063cf0",
                "reference": "be993b95bed1d3f03d261b7cd6cf4f28aa063cf0",
                "shasum": ""
            },
            "require": {
                "nette/nette": "~2.0",
                "php": ">=5.3"
            },
            "require-dev": {
                "dibi/dibi": "@dev",
                "kdyby/doctrine": "@dev",
                "mockery/mockery": "@dev",
                "nette/tester": "@dev",
                "squizlabs/php_codesniffer": "~1.5.0"
            },
            "suggest": {
                "symfony/property-access": "Allows to use Grido\\PropertyAccessors\\SymfonyPropertyAccessor"
            },
            "type": "library",
            "autoload": {
                "psr-4": {
                    "Grido\\": "src/"
                }
            },
            "notification-url": "https://packagist.org/downloads/",
            "license": [
                "BSD-3",
                "GPL-2.0",
                "GPL-3.0"
            ],
            "authors": [
                {
                    "name": "Petr Bugyík",
                    "homepage": "http://petr.bugyik.cz/"
                }
            ],
            "description": "Grido - DataGrid for Nette Framework",
            "homepage": "http://o5.github.io/grido-sandbox/",
            "keywords": [
                "datagrid",
                "datalist",
                "grid",
                "list",
                "nette",
                "table",
                "tablegrid"
            ],
            "time": "2014-10-22 09:51:17"
        }
    ],
    "packages-dev": [
        {
            "name": "nette/tester",
            "version": "v1.3.0",
            "source": {
                "type": "git",
                "url": "https://github.com/nette/tester.git",
                "reference": "73e9511cb0bd03efdba398c00e91fac8b22edde7"
            },
            "dist": {
                "type": "zip",
                "url": "https://api.github.com/repos/nette/tester/zipball/73e9511cb0bd03efdba398c00e91fac8b22edde7",
                "reference": "73e9511cb0bd03efdba398c00e91fac8b22edde7",
                "shasum": ""
            },
            "require": {
                "php": ">=5.3.0"
            },
            "bin": [
                "Tester/tester"
            ],
            "type": "library",
            "extra": {
                "branch-alias": {
                    "dev-master": "1.3-dev"
                }
            },
            "autoload": {
                "classmap": [
                    "Tester/"
                ]
            },
            "notification-url": "https://packagist.org/downloads/",
            "license": [
                "BSD-3-Clause",
                "GPL-2.0",
                "GPL-3.0"
            ],
            "authors": [
                {
                    "name": "David Grudl",
                    "homepage": "http://davidgrudl.com"
                },
                {
                    "name": "Nette Community",
                    "homepage": "http://nette.org/contributors"
                }
            ],
            "description": "An easy-to-use PHP unit testing framework.",
            "homepage": "http://nette.org",
            "keywords": [
                "nette",
                "testing",
                "unit"
            ],
            "time": "2014-09-27 10:42:19"
        }
    ],
    "aliases": [],
    "minimum-stability": "stable",
    "stability-flags": {
        "dg/dibi": 20,
        "o5/grido": 20
    },
    "prefer-stable": false,
    "platform": {
        "php": ">= 5.3.7"
    },
    "platform-dev": []
}
